
Microsoft Visual Studio Solution File, Format Version 12.00
# Visual Studio Version 16
VisualStudioVersion = 16.0.28803.202
MinimumVisualStudioVersion = 10.0.40219.1
Project("{2150E333-8FDC-42A3-9474-1A3956D46DE8}") = "Build", "Build", "{76023130-A775-440A-9440-1F33AC8ECDD2}"
	ProjectSection(SolutionItems) = preProject
		build\azure-pipelines.yml = build\azure-pipelines.yml
		build\deploy-template.yml = build\deploy-template.yml
	EndProjectSection
EndProject
Project("{2150E333-8FDC-42A3-9474-1A3956D46DE8}") = "Tests", "Tests", "{34A6E947-57E4-42F3-98A3-486AC70215FD}"
EndProject
Project("{2150E333-8FDC-42A3-9474-1A3956D46DE8}") = "UnitTests", "UnitTests", "{0809F221-6CC9-4859-A3DC-77872AD0B918}"
EndProject
Project("{9A19103F-16F7-4668-BE54-9A1E7A4F7556}") = "Cambion.UnitTests", "..\test\UnitTests\Cambion.UnitTests\Cambion.UnitTests.csproj", "{B27E3D07-8FD4-4011-8A48-708E2D225093}"
EndProject
Project("{2150E333-8FDC-42A3-9474-1A3956D46DE8}") = "IntegrationTests", "IntegrationTests", "{4535CEFC-DB84-4EC1-8040-DC78A523A4A8}"
EndProject
Project("{9A19103F-16F7-4668-BE54-9A1E7A4F7556}") = "Cambion", "Cambion\Cambion.csproj", "{00AD666B-4214-4FA0-92A9-6386E5F620D9}"
EndProject
Project("{2150E333-8FDC-42A3-9474-1A3956D46DE8}") = "Serializers", "Serializers", "{63604660-C99A-4273-B37E-906B4F750AF1}"
EndProject
Project("{2150E333-8FDC-42A3-9474-1A3956D46DE8}") = "MessagePack", "MessagePack", "{E2AEC79F-B8AD-452B-BBEB-DE4AF83364DE}"
EndProject
Project("{9A19103F-16F7-4668-BE54-9A1E7A4F7556}") = "MessagePack", "Serializers\MessagePack\MessagePack.csproj", "{14A99E76-5C27-4FBA-8479-A18B1C2C88BC}"
EndProject
Project("{2150E333-8FDC-42A3-9474-1A3956D46DE8}") = "Transports", "Transports", "{06522A04-9918-4471-98CC-92ADCEF38482}"
EndProject
Project("{2150E333-8FDC-42A3-9474-1A3956D46DE8}") = "NetMQ", "NetMQ", "{E5E45472-F88D-4BF5-A8E8-4B8D72DC2D8D}"
	ProjectSection(SolutionItems) = preProject
		Transports\NetMQ\README.md = Transports\NetMQ\README.md
	EndProjectSection
EndProject
Project("{2150E333-8FDC-42A3-9474-1A3956D46DE8}") = "RabbitMQ", "RabbitMQ", "{B45FA162-5250-4178-ABDD-2AD5D2F4AC73}"
	ProjectSection(SolutionItems) = preProject
		Transports\RabbitMQ\README.md = Transports\RabbitMQ\README.md
	EndProjectSection
EndProject
Project("{2150E333-8FDC-42A3-9474-1A3956D46DE8}") = "AzureServiceBus", "AzureServiceBus", "{D3356E16-CA57-474E-B4C0-4CF41EAFF773}"
	ProjectSection(SolutionItems) = preProject
		Transports\AzureServiceBus\README.md = Transports\AzureServiceBus\README.md
	EndProjectSection
EndProject
Project("{9A19103F-16F7-4668-BE54-9A1E7A4F7556}") = "AzureServiceBus", "Transports\AzureServiceBus\AzureServiceBus.csproj", "{16B44D4D-C03E-45AF-879E-255211779FDA}"
EndProject
Project("{9A19103F-16F7-4668-BE54-9A1E7A4F7556}") = "NetMQ", "Transports\NetMQ\NetMQ.csproj", "{B569676B-E77E-4D63-BAE0-D80A20FF1595}"
EndProject
Project("{9A19103F-16F7-4668-BE54-9A1E7A4F7556}") = "RabbitMQ", "Transports\RabbitMQ\RabbitMQ.csproj", "{25002AD8-1A6A-4C97-A4E9-5B2103649B08}"
EndProject
Project("{2150E333-8FDC-42A3-9474-1A3956D46DE8}") = "Transports", "Transports", "{93EC304F-5BE3-4BB7-94CB-F4D20E7E4AE1}"
EndProject
Project("{9A19103F-16F7-4668-BE54-9A1E7A4F7556}") = "NetMQ.IntegrationTests", "..\test\IntegrationTests\Transports\NetMQ.IntegrationTests\NetMQ.IntegrationTests.csproj", "{228BCD79-EB30-4116-999E-3E42DDFD05D0}"
EndProject
Project("{9A19103F-16F7-4668-BE54-9A1E7A4F7556}") = "RabbitMQ.IntegrationTests", "..\test\IntegrationTests\Transports\RabbitMQ.IntegrationTests\RabbitMQ.IntegrationTests.csproj", "{3F94B158-2C8F-4B16-A380-701252D2A7C2}"
EndProject
Project("{9A19103F-16F7-4668-BE54-9A1E7A4F7556}") = "AzureServiceBus.IntegrationTests", "..\test\IntegrationTests\Transports\AzureServiceBus.IntegrationTests\AzureServiceBus.IntegrationTests.csproj", "{49F3F239-BF41-4EE1-BE13-9EDE17F7FDE9}"
EndProject
Project("{9A19103F-16F7-4668-BE54-9A1E7A4F7556}") = "Loopback.IntegrationTests", "..\test\IntegrationTests\Transports\Loopback.IntegrationTests\Loopback.IntegrationTests.csproj", "{71EF772C-8F99-40F2-A038-FAA79580C226}"
EndProject
Project("{2150E333-8FDC-42A3-9474-1A3956D46DE8}") = "Serializers", "Serializers", "{3E8E3865-E3DD-425C-85FA-DC7D1B29C0EC}"
EndProject
Project("{9A19103F-16F7-4668-BE54-9A1E7A4F7556}") = "JsonNet.IntegrationTests", "..\test\IntegrationTests\Serializers\JsonNet.IntegrationTests\JsonNet.IntegrationTests.csproj", "{EBF5211B-50B4-4D49-B772-1BC6AEAF836D}"
EndProject
Global
	GlobalSection(SolutionConfigurationPlatforms) = preSolution
		Debug|Any CPU = Debug|Any CPU
		Release|Any CPU = Release|Any CPU
	EndGlobalSection
	GlobalSection(ProjectConfigurationPlatforms) = postSolution
		{B27E3D07-8FD4-4011-8A48-708E2D225093}.Debug|Any CPU.ActiveCfg = Debug|Any CPU
		{B27E3D07-8FD4-4011-8A48-708E2D225093}.Debug|Any CPU.Build.0 = Debug|Any CPU
		{B27E3D07-8FD4-4011-8A48-708E2D225093}.Release|Any CPU.ActiveCfg = Release|Any CPU
		{B27E3D07-8FD4-4011-8A48-708E2D225093}.Release|Any CPU.Build.0 = Release|Any CPU
		{00AD666B-4214-4FA0-92A9-6386E5F620D9}.Debug|Any CPU.ActiveCfg = Debug|Any CPU
		{00AD666B-4214-4FA0-92A9-6386E5F620D9}.Debug|Any CPU.Build.0 = Debug|Any CPU
		{00AD666B-4214-4FA0-92A9-6386E5F620D9}.Release|Any CPU.ActiveCfg = Release|Any CPU
		{00AD666B-4214-4FA0-92A9-6386E5F620D9}.Release|Any CPU.Build.0 = Release|Any CPU
		{14A99E76-5C27-4FBA-8479-A18B1C2C88BC}.Debug|Any CPU.ActiveCfg = Debug|Any CPU
		{14A99E76-5C27-4FBA-8479-A18B1C2C88BC}.Debug|Any CPU.Build.0 = Debug|Any CPU
		{14A99E76-5C27-4FBA-8479-A18B1C2C88BC}.Release|Any CPU.ActiveCfg = Release|Any CPU
		{14A99E76-5C27-4FBA-8479-A18B1C2C88BC}.Release|Any CPU.Build.0 = Release|Any CPU
		{16B44D4D-C03E-45AF-879E-255211779FDA}.Debug|Any CPU.ActiveCfg = Debug|Any CPU
		{16B44D4D-C03E-45AF-879E-255211779FDA}.Debug|Any CPU.Build.0 = Debug|Any CPU
		{16B44D4D-C03E-45AF-879E-255211779FDA}.Release|Any CPU.ActiveCfg = Release|Any CPU
		{16B44D4D-C03E-45AF-879E-255211779FDA}.Release|Any CPU.Build.0 = Release|Any CPU
		{B569676B-E77E-4D63-BAE0-D80A20FF1595}.Debug|Any CPU.ActiveCfg = Debug|Any CPU
		{B569676B-E77E-4D63-BAE0-D80A20FF1595}.Debug|Any CPU.Build.0 = Debug|Any CPU
		{B569676B-E77E-4D63-BAE0-D80A20FF1595}.Release|Any CPU.ActiveCfg = Release|Any CPU
		{B569676B-E77E-4D63-BAE0-D80A20FF1595}.Release|Any CPU.Build.0 = Release|Any CPU
		{25002AD8-1A6A-4C97-A4E9-5B2103649B08}.Debug|Any CPU.ActiveCfg = Debug|Any CPU
		{25002AD8-1A6A-4C97-A4E9-5B2103649B08}.Debug|Any CPU.Build.0 = Debug|Any CPU
		{25002AD8-1A6A-4C97-A4E9-5B2103649B08}.Release|Any CPU.ActiveCfg = Release|Any CPU
		{25002AD8-1A6A-4C97-A4E9-5B2103649B08}.Release|Any CPU.Build.0 = Release|Any CPU
		{228BCD79-EB30-4116-999E-3E42DDFD05D0}.Debug|Any CPU.ActiveCfg = Debug|Any CPU
		{228BCD79-EB30-4116-999E-3E42DDFD05D0}.Debug|Any CPU.Build.0 = Debug|Any CPU
		{228BCD79-EB30-4116-999E-3E42DDFD05D0}.Release|Any CPU.ActiveCfg = Release|Any CPU
		{228BCD79-EB30-4116-999E-3E42DDFD05D0}.Release|Any CPU.Build.0 = Release|Any CPU
		{3F94B158-2C8F-4B16-A380-701252D2A7C2}.Debug|Any CPU.ActiveCfg = Debug|Any CPU
		{3F94B158-2C8F-4B16-A380-701252D2A7C2}.Debug|Any CPU.Build.0 = Debug|Any CPU
		{3F94B158-2C8F-4B16-A380-701252D2A7C2}.Release|Any CPU.ActiveCfg = Release|Any CPU
		{3F94B158-2C8F-4B16-A380-701252D2A7C2}.Release|Any CPU.Build.0 = Release|Any CPU
		{49F3F239-BF41-4EE1-BE13-9EDE17F7FDE9}.Debug|Any CPU.ActiveCfg = Debug|Any CPU
		{49F3F239-BF41-4EE1-BE13-9EDE17F7FDE9}.Debug|Any CPU.Build.0 = Debug|Any CPU
		{49F3F239-BF41-4EE1-BE13-9EDE17F7FDE9}.Release|Any CPU.ActiveCfg = Release|Any CPU
		{49F3F239-BF41-4EE1-BE13-9EDE17F7FDE9}.Release|Any CPU.Build.0 = Release|Any CPU
		{71EF772C-8F99-40F2-A038-FAA79580C226}.Debug|Any CPU.ActiveCfg = Debug|Any CPU
		{71EF772C-8F99-40F2-A038-FAA79580C226}.Debug|Any CPU.Build.0 = Debug|Any CPU
		{71EF772C-8F99-40F2-A038-FAA79580C226}.Release|Any CPU.ActiveCfg = Release|Any CPU
		{71EF772C-8F99-40F2-A038-FAA79580C226}.Release|Any CPU.Build.0 = Release|Any CPU
		{EBF5211B-50B4-4D49-B772-1BC6AEAF836D}.Debug|Any CPU.ActiveCfg = Debug|Any CPU
		{EBF5211B-50B4-4D49-B772-1BC6AEAF836D}.Debug|Any CPU.Build.0 = Debug|Any CPU
		{EBF5211B-50B4-4D49-B772-1BC6AEAF836D}.Release|Any CPU.ActiveCfg = Release|Any CPU
		{EBF5211B-50B4-4D49-B772-1BC6AEAF836D}.Release|Any CPU.Build.0 = Release|Any CPU
	EndGlobalSection
	GlobalSection(SolutionProperties) = preSolution
		HideSolutionNode = FALSE
	EndGlobalSection
	GlobalSection(NestedProjects) = preSolution
		{0809F221-6CC9-4859-A3DC-77872AD0B918} = {34A6E947-57E4-42F3-98A3-486AC70215FD}
		{B27E3D07-8FD4-4011-8A48-708E2D225093} = {0809F221-6CC9-4859-A3DC-77872AD0B918}
		{4535CEFC-DB84-4EC1-8040-DC78A523A4A8} = {34A6E947-57E4-42F3-98A3-486AC70215FD}
		{E2AEC79F-B8AD-452B-BBEB-DE4AF83364DE} = {63604660-C99A-4273-B37E-906B4F750AF1}
		{14A99E76-5C27-4FBA-8479-A18B1C2C88BC} = {E2AEC79F-B8AD-452B-BBEB-DE4AF83364DE}
		{E5E45472-F88D-4BF5-A8E8-4B8D72DC2D8D} = {06522A04-9918-4471-98CC-92ADCEF38482}
		{B45FA162-5250-4178-ABDD-2AD5D2F4AC73} = {06522A04-9918-4471-98CC-92ADCEF38482}
		{D3356E16-CA57-474E-B4C0-4CF41EAFF773} = {06522A04-9918-4471-98CC-92ADCEF38482}
		{16B44D4D-C03E-45AF-879E-255211779FDA} = {D3356E16-CA57-474E-B4C0-4CF41EAFF773}
		{B569676B-E77E-4D63-BAE0-D80A20FF1595} = {E5E45472-F88D-4BF5-A8E8-4B8D72DC2D8D}
		{25002AD8-1A6A-4C97-A4E9-5B2103649B08} = {B45FA162-5250-4178-ABDD-2AD5D2F4AC73}
		{93EC304F-5BE3-4BB7-94CB-F4D20E7E4AE1} = {4535CEFC-DB84-4EC1-8040-DC78A523A4A8}
		{228BCD79-EB30-4116-999E-3E42DDFD05D0} = {93EC304F-5BE3-4BB7-94CB-F4D20E7E4AE1}
		{3F94B158-2C8F-4B16-A380-701252D2A7C2} = {93EC304F-5BE3-4BB7-94CB-F4D20E7E4AE1}
		{49F3F239-BF41-4EE1-BE13-9EDE17F7FDE9} = {93EC304F-5BE3-4BB7-94CB-F4D20E7E4AE1}
		{71EF772C-8F99-40F2-A038-FAA79580C226} = {93EC304F-5BE3-4BB7-94CB-F4D20E7E4AE1}
		{3E8E3865-E3DD-425C-85FA-DC7D1B29C0EC} = {4535CEFC-DB84-4EC1-8040-DC78A523A4A8}
		{EBF5211B-50B4-4D49-B772-1BC6AEAF836D} = {3E8E3865-E3DD-425C-85FA-DC7D1B29C0EC}
	EndGlobalSection
	GlobalSection(ExtensibilityGlobals) = postSolution
		SolutionGuid = {A8080ED3-04FB-4E21-B63F-55B5AAB135B2}
	EndGlobalSection
EndGlobal
