
Microsoft Visual Studio Solution File, Format Version 12.00
# Visual Studio Version 16
VisualStudioVersion = 16.0.28803.202
MinimumVisualStudioVersion = 10.0.40219.1
Project("{9A19103F-16F7-4668-BE54-9A1E7A4F7556}") = "Cambion", "Cambion\Cambion.csproj", "{00AD666B-4214-4FA0-92A9-6386E5F620D9}"
EndProject
Project("{9A19103F-16F7-4668-BE54-9A1E7A4F7556}") = "Common", "Common\Common.csproj", "{D77E5691-83BF-4027-93B4-7DB653C91343}"
EndProject
Project("{2150E333-8FDC-42A3-9474-1A3956D46DE8}") = "Transports", "Transports", "{C728F7C5-5BE8-46D9-8A30-B9A167B788DD}"
EndProject
Project("{2150E333-8FDC-42A3-9474-1A3956D46DE8}") = "Serializers", "Serializers", "{9691C161-9900-4701-8B58-041BAB76987F}"
EndProject
Project("{9A19103F-16F7-4668-BE54-9A1E7A4F7556}") = "JsonNet", "Serializers\JsonNet\JsonNet.csproj", "{B33D653B-88BB-45C1-B90F-00B5C0E6B81F}"
EndProject
Project("{9A19103F-16F7-4668-BE54-9A1E7A4F7556}") = "Cambion.Test", "Cambion.Test\Cambion.Test.csproj", "{3CD18E91-DA8D-4871-B431-29814BD4F0BF}"
EndProject
Global
	GlobalSection(SolutionConfigurationPlatforms) = preSolution
		Debug|Any CPU = Debug|Any CPU
		Release|Any CPU = Release|Any CPU
	EndGlobalSection
	GlobalSection(ProjectConfigurationPlatforms) = postSolution
		{00AD666B-4214-4FA0-92A9-6386E5F620D9}.Debug|Any CPU.ActiveCfg = Debug|Any CPU
		{00AD666B-4214-4FA0-92A9-6386E5F620D9}.Debug|Any CPU.Build.0 = Debug|Any CPU
		{00AD666B-4214-4FA0-92A9-6386E5F620D9}.Release|Any CPU.ActiveCfg = Release|Any CPU
		{00AD666B-4214-4FA0-92A9-6386E5F620D9}.Release|Any CPU.Build.0 = Release|Any CPU
		{D77E5691-83BF-4027-93B4-7DB653C91343}.Debug|Any CPU.ActiveCfg = Debug|Any CPU
		{D77E5691-83BF-4027-93B4-7DB653C91343}.Debug|Any CPU.Build.0 = Debug|Any CPU
		{D77E5691-83BF-4027-93B4-7DB653C91343}.Release|Any CPU.ActiveCfg = Release|Any CPU
		{D77E5691-83BF-4027-93B4-7DB653C91343}.Release|Any CPU.Build.0 = Release|Any CPU
		{B33D653B-88BB-45C1-B90F-00B5C0E6B81F}.Debug|Any CPU.ActiveCfg = Debug|Any CPU
		{B33D653B-88BB-45C1-B90F-00B5C0E6B81F}.Debug|Any CPU.Build.0 = Debug|Any CPU
		{B33D653B-88BB-45C1-B90F-00B5C0E6B81F}.Release|Any CPU.ActiveCfg = Release|Any CPU
		{B33D653B-88BB-45C1-B90F-00B5C0E6B81F}.Release|Any CPU.Build.0 = Release|Any CPU
		{3CD18E91-DA8D-4871-B431-29814BD4F0BF}.Debug|Any CPU.ActiveCfg = Debug|Any CPU
		{3CD18E91-DA8D-4871-B431-29814BD4F0BF}.Debug|Any CPU.Build.0 = Debug|Any CPU
		{3CD18E91-DA8D-4871-B431-29814BD4F0BF}.Release|Any CPU.ActiveCfg = Release|Any CPU
		{3CD18E91-DA8D-4871-B431-29814BD4F0BF}.Release|Any CPU.Build.0 = Release|Any CPU
	EndGlobalSection
	GlobalSection(SolutionProperties) = preSolution
		HideSolutionNode = FALSE
	EndGlobalSection
	GlobalSection(NestedProjects) = preSolution
		{B33D653B-88BB-45C1-B90F-00B5C0E6B81F} = {9691C161-9900-4701-8B58-041BAB76987F}
	EndGlobalSection
	GlobalSection(ExtensibilityGlobals) = postSolution
		SolutionGuid = {A8080ED3-04FB-4E21-B63F-55B5AAB135B2}
	EndGlobalSection
EndGlobal
